// !$*UTF8*$!
{
	archiveVersion = 1;
	classes = {
	};
	objectVersion = 77;
	objects = {

/* Begin PBXBuildFile section */
		60062A7F303AA71A002D5E94 /* WidgetKit.framework in Frameworks */ = {isa = PBXBuildFile; fileRef = 60062A7E303AA71A002D5E94 /* WidgetKit.framework */; };
		60062A81303AA71A002D5E94 /* SwiftUI.framework in Frameworks */ = {isa = PBXBuildFile; fileRef = 60062A80303AA71A002D5E94 /* SwiftUI.framework */; };
		60062A92303AA71B002D5E94 /* WocketWidgetExtension.appex in Embed Foundation Extensions */ = {isa = PBXBuildFile; fileRef = 60062A7D303AA71A002D5E94 /* WocketWidgetExtension.appex */; settings = {ATTRIBUTES = (RemoveHeadersOnCopy, ); }; };
/* End PBXBuildFile section */

/* Begin PBXContainerItemProxy section */
		60062A90303AA71B002D5E94 /* PBXContainerItemProxy */ = {
			isa = PBXContainerItemProxy;
			containerPortal = 6093BCD63011AB1B00AD5E15 /* Project object */;
			proxyType = 1;
			remoteGlobalIDString = 60062A7C303AA71A002D5E94;
			remoteInfo = WocketWidgetExtension;
		};
		60644310303FCB7B004C8A82 /* PBXContainerItemProxy */ = {
			isa = PBXContainerItemProxy;
			containerPortal = 6093BCD63011AB1B00AD5E15 /* Project object */;
			proxyType = 1;
			remoteGlobalIDString = 6093BCDD3011AB1C00AD5E15;
			remoteInfo = PoCSquat;
		};
/* End PBXContainerItemProxy section */

/* Begin PBXCopyFilesBuildPhase section */
		60062A97303AA71B002D5E94 /* Embed Foundation Extensions */ = {
			isa = PBXCopyFilesBuildPhase;
			buildActionMask = 2147483647;
			dstPath = "";
			dstSubfolderSpec = 13;
			files = (
				60062A92303AA71B002D5E94 /* WocketWidgetExtension.appex in Embed Foundation Extensions */,
			);
			name = "Embed Foundation Extensions";
			runOnlyForDeploymentPostprocessing = 0;
		};
/* End PBXCopyFilesBuildPhase section */

/* Begin PBXFileReference section */
		60062A7D303AA71A002D5E94 /* WocketWidgetExtension.appex */ = {isa = PBXFileReference; explicitFileType = "wrapper.app-extension"; includeInIndex = 0; path = WocketWidgetExtension.appex; sourceTree = BUILT_PRODUCTS_DIR; };
		60062A7E303AA71A002D5E94 /* WidgetKit.framework */ = {isa = PBXFileReference; lastKnownFileType = wrapper.framework; name = WidgetKit.framework; path = System/Library/Frameworks/WidgetKit.framework; sourceTree = SDKROOT; };
		60062A80303AA71A002D5E94 /* SwiftUI.framework */ = {isa = PBXFileReference; lastKnownFileType = wrapper.framework; name = SwiftUI.framework; path = System/Library/Frameworks/SwiftUI.framework; sourceTree = SDKROOT; };
		60062A9F303AAAA3002D5E94 /* WocketWidgetExtension.entitlements */ = {isa = PBXFileReference; lastKnownFileType = text.plist.entitlements; path = WocketWidgetExtension.entitlements; sourceTree = "<group>"; };
		6064430C303FCB7B004C8A82 /* WockettTests.xctest */ = {isa = PBXFileReference; explicitFileType = wrapper.cfbundle; includeInIndex = 0; path = WockettTests.xctest; sourceTree = BUILT_PRODUCTS_DIR; };
		6093BCDE3011AB1C00AD5E15 /* PoCSquat.app */ = {isa = PBXFileReference; explicitFileType = wrapper.application; includeInIndex = 0; path = PoCSquat.app; sourceTree = BUILT_PRODUCTS_DIR; };
/* End PBXFileReference section */

/* Begin PBXFileSystemSynchronizedBuildFileExceptionSet section */
		60062A96303AA71B002D5E94 /* Exceptions for "WocketWidget" folder in "WocketWidgetExtension" target */ = {
			isa = PBXFileSystemSynchronizedBuildFileExceptionSet;
			membershipExceptions = (
				Info.plist,
			);
			target = 60062A7C303AA71A002D5E94 /* WocketWidgetExtension */;
		};
		6093BD043011D61A00AD5E15 /* Exceptions for "PoCSquat" folder in "PoCSquat" target */ = {
			isa = PBXFileSystemSynchronizedBuildFileExceptionSet;
			membershipExceptions = (
				Info.plist,
			);
			target = 6093BCDD3011AB1C00AD5E15 /* PoCSquat */;
		};
		609DC7C83041346200FAF783 /* Exceptions for "PoCSquat" folder in "WocketWidgetExtension" target */ = {
			isa = PBXFileSystemSynchronizedBuildFileExceptionSet;
			membershipExceptions = (
				Activity/WalkActivityAttributes.swift,
			);
			target = 60062A7C303AA71A002D5E94 /* WocketWidgetExtension */;
		};
/* End PBXFileSystemSynchronizedBuildFileExceptionSet section */

/* Begin PBXFileSystemSynchronizedRootGroup section */
		60062A82303AA71A002D5E94 /* WocketWidget */ = {
			isa = PBXFileSystemSynchronizedRootGroup;
			exceptions = (
				60062A96303AA71B002D5E94 /* Exceptions for "WocketWidget" folder in "WocketWidgetExtension" target */,
			);
			path = WocketWidget;
			sourceTree = "<group>";
		};
		6064430D303FCB7B004C8A82 /* WockettTests */ = {
			isa = PBXFileSystemSynchronizedRootGroup;
			path = WockettTests;
			sourceTree = "<group>";
		};
		6093BCE03011AB1C00AD5E15 /* PoCSquat */ = {
			isa = PBXFileSystemSynchronizedRootGroup;
			exceptions = (
				6093BD043011D61A00AD5E15 /* Exceptions for "PoCSquat" folder in "PoCSquat" target */,
				609DC7C83041346200FAF783 /* Exceptions for "PoCSquat" folder in "WocketWidgetExtension" target */,
			);
			path = PoCSquat;
			sourceTree = "<group>";
		};
/* End PBXFileSystemSynchronizedRootGroup section */

/* Begin PBXFrameworksBuildPhase section */
		60062A7A303AA71A002D5E94 /* Frameworks */ = {
			isa = PBXFrameworksBuildPhase;
			buildActionMask = 2147483647;
			files = (
				60062A81303AA71A002D5E94 /* SwiftUI.framework in Frameworks */,
				60062A7F303AA71A002D5E94 /* WidgetKit.framework in Frameworks */,
			);
			runOnlyForDeploymentPostprocessing = 0;
		};
		60644309303FCB7B004C8A82 /* Frameworks */ = {
			isa = PBXFrameworksBuildPhase;
			buildActionMask = 2147483647;
			files = (
			);
			runOnlyForDeploymentPostprocessing = 0;
		};
		6093BCDB3011AB1C00AD5E15 /* Frameworks */ = {
			isa = PBXFrameworksBuildPhase;
			buildActionMask = 2147483647;
			files = (
			);
			runOnlyForDeploymentPostprocessing = 0;
		};
/* End PBXFrameworksBuildPhase section */

/* Begin PBXGroup section */
		6093BCD53011AB1B00AD5E15 = {
			isa = PBXGroup;
			children = (
				60062A9F303AAAA3002D5E94 /* WocketWidgetExtension.entitlements */,
				6093BCE03011AB1C00AD5E15 /* PoCSquat */,
				60062A82303AA71A002D5E94 /* WocketWidget */,
				6064430D303FCB7B004C8A82 /* WockettTests */,
				6093BCDF3011AB1C00AD5E15 /* Products */,
				60D6DE2C3013CAC20032FC50 /* Frameworks */,
			);
			sourceTree = "<group>";
		};
		6093BCDF3011AB1C00AD5E15 /* Products */ = {
			isa = PBXGroup;
			children = (
				6093BCDE3011AB1C00AD5E15 /* PoCSquat.app */,
				60062A7D303AA71A002D5E94 /* WocketWidgetExtension.appex */,
				6064430C303FCB7B004C8A82 /* WockettTests.xctest */,
			);
			name = Products;
			sourceTree = "<group>";
		};
		60D6DE2C3013CAC20032FC50 /* Frameworks */ = {
			isa = PBXGroup;
			children = (
				60062A7E303AA71A002D5E94 /* WidgetKit.framework */,
				60062A80303AA71A002D5E94 /* SwiftUI.framework */,
			);
			name = Frameworks;
			sourceTree = "<group>";
		};
/* End PBXGroup section */

/* Begin PBXNativeTarget section */
		60062A7C303AA71A002D5E94 /* WocketWidgetExtension */ = {
			isa = PBXNativeTarget;
			buildConfigurationList = 60062A93303AA71B002D5E94 /* Build configuration list for PBXNativeTarget "WocketWidgetExtension" */;
			buildPhases = (
				60062A79303AA71A002D5E94 /* Sources */,
				60062A7A303AA71A002D5E94 /* Frameworks */,
				60062A7B303AA71A002D5E94 /* Resources */,
			);
			buildRules = (
			);
			dependencies = (
			);
			fileSystemSynchronizedGroups = (
				60062A82303AA71A002D5E94 /* WocketWidget */,
			);
			name = WocketWidgetExtension;
			packageProductDependencies = (
			);
			productName = WocketWidgetExtension;
			productReference = 60062A7D303AA71A002D5E94 /* WocketWidgetExtension.appex */;
			productType = "com.apple.product-type.app-extension";
		};
		6064430B303FCB7B004C8A82 /* WockettTests */ = {
			isa = PBXNativeTarget;
			buildConfigurationList = 60644312303FCB7B004C8A82 /* Build configuration list for PBXNativeTarget "WockettTests" */;
			buildPhases = (
				60644308303FCB7B004C8A82 /* Sources */,
				60644309303FCB7B004C8A82 /* Frameworks */,
				6064430A303FCB7B004C8A82 /* Resources */,
			);
			buildRules = (
			);
			dependencies = (
				60644311303FCB7B004C8A82 /* PBXTargetDependency */,
			);
			fileSystemSynchronizedGroups = (
				6064430D303FCB7B004C8A82 /* WockettTests */,
			);
			name = WockettTests;
			packageProductDependencies = (
			);
			productName = WockettTests;
			productReference = 6064430C303FCB7B004C8A82 /* WockettTests.xctest */;
			productType = "com.apple.product-type.bundle.unit-test";
		};
		6093BCDD3011AB1C00AD5E15 /* PoCSquat */ = {
			isa = PBXNativeTarget;
			buildConfigurationList = 6093BCE93011AB1D00AD5E15 /* Build configuration list for PBXNativeTarget "PoCSquat" */;
			buildPhases = (
				6093BCDA3011AB1C00AD5E15 /* Sources */,
				6093BCDB3011AB1C00AD5E15 /* Frameworks */,
				6093BCDC3011AB1C00AD5E15 /* Resources */,
				60062A97303AA71B002D5E94 /* Embed Foundation Extensions */,
			);
			buildRules = (
			);
			dependencies = (
				60062A91303AA71B002D5E94 /* PBXTargetDependency */,
			);
			fileSystemSynchronizedGroups = (
				6093BCE03011AB1C00AD5E15 /* PoCSquat */,
			);
			name = PoCSquat;
			packageProductDependencies = (
			);
			productName = PoCSquat;
			productReference = 6093BCDE3011AB1C00AD5E15 /* PoCSquat.app */;
			productType = "com.apple.product-type.application";
		};
/* End PBXNativeTarget section */

/* Begin PBXProject section */
		6093BCD63011AB1B00AD5E15 /* Project object */ = {
			isa = PBXProject;
			attributes = {
				BuildIndependentTargetsInParallel = 1;
				LastSwiftUpdateCheck = 2660;
				LastUpgradeCheck = 2660;
				TargetAttributes = {
					60062A7C303AA71A002D5E94 = {
						CreatedOnToolsVersion = 26.6;
					};
					6064430B303FCB7B004C8A82 = {
						CreatedOnToolsVersion = 26.6;
						TestTargetID = 6093BCDD3011AB1C00AD5E15;
					};
					6093BCDD3011AB1C00AD5E15 = {
						CreatedOnToolsVersion = 26.6;
						LastSwiftMigration = 2660;
					};
				};
			};
			buildConfigurationList = 6093BCD93011AB1C00AD5E15 /* Build configuration list for PBXProject "PoCSquat" */;
			developmentRegion = en;
			hasScannedForEncodings = 0;
			knownRegions = (
				en,
				Base,
			);
			mainGroup = 6093BCD53011AB1B00AD5E15;
			minimizedProjectReferenceProxies = 1;
			packageReferences = (
			);
			preferredProjectObjectVersion = 77;
			productRefGroup = 6093BCDF3011AB1C00AD5E15 /* Products */;
			projectDirPath = "";
			projectRoot = "";
			targets = (
				6093BCDD3011AB1C00AD5E15 /* PoCSquat */,
				60062A7C303AA71A002D5E94 /* WocketWidgetExtension */,
				6064430B303FCB7B004C8A82 /* WockettTests */,
			);
		};
/* End PBXProject section */

/* Begin PBXResourcesBuildPhase section */
		60062A7B303AA71A002D5E94 /* Resources */ = {
			isa = PBXResourcesBuildPhase;
			buildActionMask = 2147483647;
			files = (
			);
			runOnlyForDeploymentPostprocessing = 0;
		};
		6064430A303FCB7B004C8A82 /* Resources */ = {
			isa = PBXResourcesBuildPhase;
			buildActionMask = 2147483647;
			files = (
			);
			runOnlyForDeploymentPostprocessing = 0;
		};
		6093BCDC3011AB1C00AD5E15 /* Resources */ = {
			isa = PBXResourcesBuildPhase;
			buildActionMask = 2147483647;
			files = (
			);
			runOnlyForDeploymentPostprocessing = 0;
		};
/* End PBXResourcesBuildPhase section */

/* Begin PBXSourcesBuildPhase section */
		60062A79303AA71A002D5E94 /* Sources */ = {
			isa = PBXSourcesBuildPhase;
			buildActionMask = 2147483647;
			files = (
			);
			runOnlyForDeploymentPostprocessing = 0;
		};
		60644308303FCB7B004C8A82 /* Sources */ = {
			isa = PBXSourcesBuildPhase;
			buildActionMask = 2147483647;
			files = (
			);
			runOnlyForDeploymentPostprocessing = 0;
		};
		6093BCDA3011AB1C00AD5E15 /* Sources */ = {
			isa = PBXSourcesBuildPhase;
			buildActionMask = 2147483647;
			files = (
			);
			runOnlyForDeploymentPostprocessing = 0;
		};
/* End PBXSourcesBuildPhase section */

/* Begin PBXTargetDependency section */
		60062A91303AA71B002D5E94 /* PBXTargetDependency */ = {
			isa = PBXTargetDependency;
			target = 60062A7C303AA71A002D5E94 /* WocketWidgetExtension */;
			targetProxy = 60062A90303AA71B002D5E94 /* PBXContainerItemProxy */;
		};
		60644311303FCB7B004C8A82 /* PBXTargetDependency */ = {
			isa = PBXTargetDependency;
			target = 6093BCDD3011AB1C00AD5E15 /* PoCSquat */;
			targetProxy = 60644310303FCB7B004C8A82 /* PBXContainerItemProxy */;
		};
/* End PBXTargetDependency section */

/* Begin XCBuildConfiguration section */
		60062A94303AA71B002D5E94 /* Debug */ = {
			isa = XCBuildConfiguration;
			buildSettings = {
				ASSETCATALOG_COMPILER_GLOBAL_ACCENT_COLOR_NAME = AccentColor;
				ASSETCATALOG_COMPILER_WIDGET_BACKGROUND_COLOR_NAME = WidgetBackground;
				CODE_SIGN_ENTITLEMENTS = WocketWidgetExtension.entitlements;
				CODE_SIGN_STYLE = Automatic;
				DEVELOPMENT_TEAM = 7U83DJ2F97;
				GENERATE_INFOPLIST_FILE = YES;
				INFOPLIST_FILE = WocketWidget/Info.plist;
				INFOPLIST_KEY_CFBundleDisplayName = WocketWidget;
				INFOPLIST_KEY_NSHumanReadableCopyright = "";
				LD_RUNPATH_SEARCH_PATHS = (
					"$(inherited)",
					"@executable_path/Frameworks",
					"@executable_path/../../Frameworks",
				);
				PRODUCT_BUNDLE_IDENTIFIER = Scoops.PoCSquat.WocketWidget;
				PRODUCT_NAME = "$(TARGET_NAME)";
				SKIP_INSTALL = YES;
				STRING_CATALOG_GENERATE_SYMBOLS = YES;
				SWIFT_APPROACHABLE_CONCURRENCY = YES;
				SWIFT_EMIT_LOC_STRINGS = YES;
				SWIFT_UPCOMING_FEATURE_MEMBER_IMPORT_VISIBILITY = YES;
				SWIFT_VERSION = 5.0;
				TARGETED_DEVICE_FAMILY = "1,2";
				VERSIONING_SYSTEM = "apple-generic";
			};
			name = Debug;
		};
		60062A95303AA71B002D5E94 /* Release */ = {
			isa = XCBuildConfiguration;
			buildSettings = {
				ASSETCATALOG_COMPILER_GLOBAL_ACCENT_COLOR_NAME = AccentColor;
				ASSETCATALOG_COMPILER_WIDGET_BACKGROUND_COLOR_NAME = WidgetBackground;
				CODE_SIGN_ENTITLEMENTS = WocketWidgetExtension.entitlements;
				CODE_SIGN_STYLE = Automatic;
				DEVELOPMENT_TEAM = 7U83DJ2F97;
				GENERATE_INFOPLIST_FILE = YES;
				INFOPLIST_FILE = WocketWidget/Info.plist;
				INFOPLIST_KEY_CFBundleDisplayName = WocketWidget;
				INFOPLIST_KEY_NSHumanReadableCopyright = "";
				LD_RUNPATH_SEARCH_PATHS = (
					"$(inherited)",
					"@executable_path/Frameworks",
					"@executable_path/../../Frameworks",
				);
				PRODUCT_BUNDLE_IDENTIFIER = Scoops.PoCSquat.WocketWidget;
				PRODUCT_NAME = "$(TARGET_NAME)";
				SKIP_INSTALL = YES;
				STRING_CATALOG_GENERATE_SYMBOLS = YES;
				SWIFT_APPROACHABLE_CONCURRENCY = YES;
				SWIFT_EMIT_LOC_STRINGS = YES;
				SWIFT_UPCOMING_FEATURE_MEMBER_IMPORT_VISIBILITY = YES;
				SWIFT_VERSION = 5.0;
				TARGETED_DEVICE_FAMILY = "1,2";
				VERSIONING_SYSTEM = "apple-generic";
			};
			name = Release;
		};
		60644313303FCB7B004C8A82 /* Debug */ = {
			isa = XCBuildConfiguration;
			buildSettings = {
				BUNDLE_LOADER = "$(TEST_HOST)";
				CODE_SIGN_STYLE = Automatic;
				CURRENT_PROJECT_VERSION = 1;
				DEVELOPMENT_TEAM = 7U83DJ2F97;
				GENERATE_INFOPLIST_FILE = YES;
				MARKETING_VERSION = 1.0;
				PRODUCT_BUNDLE_IDENTIFIER = Scoops.WockettTests;
				PRODUCT_NAME = "$(TARGET_NAME)";
				STRING_CATALOG_GENERATE_SYMBOLS = NO;
				SWIFT_APPROACHABLE_CONCURRENCY = YES;
				SWIFT_EMIT_LOC_STRINGS = NO;
				SWIFT_UPCOMING_FEATURE_MEMBER_IMPORT_VISIBILITY = YES;
				SWIFT_VERSION = 5.0;
				TARGETED_DEVICE_FAMILY = "1,2";
				TEST_HOST = "$(BUILT_PRODUCTS_DIR)/PoCSquat.app/$(BUNDLE_EXECUTABLE_FOLDER_PATH)/PoCSquat";
			};
			name = Debug;
		};
		60644314303FCB7B004C8A82 /* Release */ = {
			isa = XCBuildConfiguration;
			buildSettings = {
				BUNDLE_LOADER = "$(TEST_HOST)";
				CODE_SIGN_STYLE = Automatic;
				CURRENT_PROJECT_VERSION = 1;
				DEVELOPMENT_TEAM = 7U83DJ2F97;
				GENERATE_INFOPLIST_FILE = YES;
				MARKETING_VERSION = 1.0;
				PRODUCT_BUNDLE_IDENTIFIER = Scoops.WockettTests;
				PRODUCT_NAME = "$(TARGET_NAME)";
				STRING_CATALOG_GENERATE_SYMBOLS = NO;
				SWIFT_APPROACHABLE_CONCURRENCY = YES;
				SWIFT_EMIT_LOC_STRINGS = NO;
				SWIFT_UPCOMING_FEATURE_MEMBER_IMPORT_VISIBILITY = YES;
				SWIFT_VERSION = 5.0;
				TARGETED_DEVICE_FAMILY = "1,2";
				TEST_HOST = "$(BUILT_PRODUCTS_DIR)/PoCSquat.app/$(BUNDLE_EXECUTABLE_FOLDER_PATH)/PoCSquat";
			};
			name = Release;
		};
		6093BCE73011AB1D00AD5E15 /* Debug */ = {
			isa = XCBuildConfiguration;
			buildSettings = {
				ALWAYS_SEARCH_USER_PATHS = NO;
				ASSETCATALOG_COMPILER_GENERATE_SWIFT_ASSET_SYMBOL_EXTENSIONS = YES;
				CLANG_ANALYZER_NONNULL = YES;
				CLANG_ANALYZER_NUMBER_OBJECT_CONVERSION = YES_AGGRESSIVE;
				CLANG_CXX_LANGUAGE_STANDARD = "gnu++20";
				CLANG_ENABLE_MODULES = YES;
				CLANG_ENABLE_OBJC_ARC = YES;
				CLANG_ENABLE_OBJC_WEAK = YES;
				CLANG_WARN_BLOCK_CAPTURE_AUTORELEASING = YES;
				CLANG_WARN_BOOL_CONVERSION = YES;
				CLANG_WARN_COMMA = YES;
				CLANG_WARN_CONSTANT_CONVERSION = YES;
				CLANG_WARN_DEPRECATED_OBJC_IMPLEMENTATIONS = YES;
				CLANG_WARN_DIRECT_OBJC_ISA_USAGE = YES_ERROR;
				CLANG_WARN_DOCUMENTATION_COMMENTS = YES;
				CLANG_WARN_EMPTY_BODY = YES;
				CLANG_WARN_ENUM_CONVERSION = YES;
				CLANG_WARN_INFINITE_RECURSION = YES;
				CLANG_WARN_INT_CONVERSION = YES;
				CLANG_WARN_NON_LITERAL_NULL_CONVERSION = YES;
				CLANG_WARN_OBJC_IMPLICIT_RETAIN_SELF = YES;
				CLANG_WARN_OBJC_LITERAL_CONVERSION = YES;
				CLANG_WARN_OBJC_ROOT_CLASS = YES_ERROR;
				CLANG_WARN_QUOTED_INCLUDE_IN_FRAMEWORK_HEADER = YES;
				CLANG_WARN_RANGE_LOOP_ANALYSIS = YES;
				CLANG_WARN_STRICT_PROTOTYPES = YES;
				CLANG_WARN_SUSPICIOUS_MOVE = YES;
				CLANG_WARN_UNGUARDED_AVAILABILITY = YES_AGGRESSIVE;
				CLANG_WARN_UNREACHABLE_CODE = YES;
				CLANG_WARN__DUPLICATE_METHOD_MATCH = YES;
				COPY_PHASE_STRIP = NO;
				CURRENT_PROJECT_VERSION = 15;
				DEBUG_INFORMATION_FORMAT = dwarf;
				DEVELOPMENT_TEAM = 7U83DJ2F97;
				ENABLE_STRICT_OBJC_MSGSEND = YES;
				ENABLE_TESTABILITY = YES;
				ENABLE_USER_SCRIPT_SANDBOXING = YES;
				GCC_C_LANGUAGE_STANDARD = gnu17;
				GCC_DYNAMIC_NO_PIC = NO;
				GCC_NO_COMMON_BLOCKS = YES;
				GCC_OPTIMIZATION_LEVEL = 0;
				GCC_PREPROCESSOR_DEFINITIONS = (
					"DEBUG=1",
					"$(inherited)",
				);
				GCC_WARN_64_TO_32_BIT_CONVERSION = YES;
				GCC_WARN_ABOUT_RETURN_TYPE = YES_ERROR;
				GCC_WARN_UNDECLARED_SELECTOR = YES;
				GCC_WARN_UNINITIALIZED_AUTOS = YES_AGGRESSIVE;
				GCC_WARN_UNUSED_FUNCTION = YES;
				GCC_WARN_UNUSED_VARIABLE = YES;
				IPHONEOS_DEPLOYMENT_TARGET = 26.5;
				LOCALIZATION_PREFERS_STRING_CATALOGS = YES;
				MARKETING_VERSION = 1.9;
				MTL_ENABLE_DEBUG_INFO = INCLUDE_SOURCE;
				MTL_FAST_MATH = YES;
				ONLY_ACTIVE_ARCH = YES;
				SDKROOT = iphoneos;
				SWIFT_ACTIVE_COMPILATION_CONDITIONS = "DEBUG $(inherited)";
				SWIFT_OPTIMIZATION_LEVEL = "-Onone";
				VERSIONING_SYSTEM = "apple-generic";
			};
			name = Debug;
		};
		6093BCE83011AB1D00AD5E15 /* Release */ = {
			isa = XCBuildConfiguration;
			buildSettings = {
				ALWAYS_SEARCH_USER_PATHS = NO;
				ASSETCATALOG_COMPILER_GENERATE_SWIFT_ASSET_SYMBOL_EXTENSIONS = YES;
				CLANG_ANALYZER_NONNULL = YES;
				CLANG_ANALYZER_NUMBER_OBJECT_CONVERSION = YES_AGGRESSIVE;
				CLANG_CXX_LANGUAGE_STANDARD = "gnu++20";
				CLANG_ENABLE_MODULES = YES;
				CLANG_ENABLE_OBJC_ARC = YES;
				CLANG_ENABLE_OBJC_WEAK = YES;
				CLANG_WARN_BLOCK_CAPTURE_AUTORELEASING = YES;
				CLANG_WARN_BOOL_CONVERSION = YES;
				CLANG_WARN_COMMA = YES;
				CLANG_WARN_CONSTANT_CONVERSION = YES;
				CLANG_WARN_DEPRECATED_OBJC_IMPLEMENTATIONS = YES;
				CLANG_WARN_DIRECT_OBJC_ISA_USAGE = YES_ERROR;
				CLANG_WARN_DOCUMENTATION_COMMENTS = YES;
				CLANG_WARN_EMPTY_BODY = YES;
				CLANG_WARN_ENUM_CONVERSION = YES;
				CLANG_WARN_INFINITE_RECURSION = YES;
				CLANG_WARN_INT_CONVERSION = YES;
				CLANG_WARN_NON_LITERAL_NULL_CONVERSION = YES;
				CLANG_WARN_OBJC_IMPLICIT_RETAIN_SELF = YES;
				CLANG_WARN_OBJC_LITERAL_CONVERSION = YES;
				CLANG_WARN_OBJC_ROOT_CLASS = YES_ERROR;
				CLANG_WARN_QUOTED_INCLUDE_IN_FRAMEWORK_HEADER = YES;
				CLANG_WARN_RANGE_LOOP_ANALYSIS = YES;
				CLANG_WARN_STRICT_PROTOTYPES = YES;
				CLANG_WARN_SUSPICIOUS_MOVE = YES;
				CLANG_WARN_UNGUARDED_AVAILABILITY = YES_AGGRESSIVE;
				CLANG_WARN_UNREACHABLE_CODE = YES;
				CLANG_WARN__DUPLICATE_METHOD_MATCH = YES;
				COPY_PHASE_STRIP = NO;
				CURRENT_PROJECT_VERSION = 15;
				DEBUG_INFORMATION_FORMAT = "dwarf-with-dsym";
				DEVELOPMENT_TEAM = 7U83DJ2F97;
				ENABLE_NS_ASSERTIONS = NO;
				ENABLE_STRICT_OBJC_MSGSEND = YES;
				ENABLE_USER_SCRIPT_SANDBOXING = YES;
				GCC_C_LANGUAGE_STANDARD = gnu17;
				GCC_NO_COMMON_BLOCKS = YES;
				GCC_WARN_64_TO_32_BIT_CONVERSION = YES;
				GCC_WARN_ABOUT_RETURN_TYPE = YES_ERROR;
				GCC_WARN_UNDECLARED_SELECTOR = YES;
				GCC_WARN_UNINITIALIZED_AUTOS = YES_AGGRESSIVE;
				GCC_WARN_UNUSED_FUNCTION = YES;
				GCC_WARN_UNUSED_VARIABLE = YES;
				IPHONEOS_DEPLOYMENT_TARGET = 26.5;
				LOCALIZATION_PREFERS_STRING_CATALOGS = YES;
				MARKETING_VERSION = 1.9;
				MTL_ENABLE_DEBUG_INFO = NO;
				MTL_FAST_MATH = YES;
				SDKROOT = iphoneos;
				SWIFT_COMPILATION_MODE = wholemodule;
				VALIDATE_PRODUCT = YES;
				VERSIONING_SYSTEM = "apple-generic";
			};
			name = Release;
		};
		6093BCEA3011AB1D00AD5E15 /* Debug */ = {
			isa = XCBuildConfiguration;
			buildSettings = {
				ASSETCATALOG_COMPILER_APPICON_NAME = AppIcon;
				ASSETCATALOG_COMPILER_GLOBAL_ACCENT_COLOR_NAME = AccentColor;
				CLANG_ENABLE_MODULES = YES;
				CODE_SIGN_ENTITLEMENTS = PoCSquat/PoCSquat.entitlements;
				CODE_SIGN_STYLE = Automatic;
				DEVELOPMENT_ASSET_PATHS = PoCSquat/Assets.xcassets;
				DEVELOPMENT_TEAM = 7U83DJ2F97;
				ENABLE_PREVIEWS = YES;
				GENERATE_INFOPLIST_FILE = NO;
				INFOPLIST_FILE = PoCSquat/Info.plist;
				INFOPLIST_KEY_CFBundleDisplayName = Wockett;
				INFOPLIST_KEY_LSApplicationCategoryType = "public.app-category.healthcare-fitness";
				INFOPLIST_KEY_NSCameraUsageDescription = "Wockett uses the camera to detect your body position and count squat and push-up reps.";
				INFOPLIST_KEY_NSHealthShareUsageDescription = "Wockett reads your step count from Apple Health to track your daily walking goal.";
				INFOPLIST_KEY_NSHealthUpdateUsageDescription = "Wockett may write walking workout data to Apple Health when you complete a route.";
				INFOPLIST_KEY_NSLocationWhenInUseUsageDescription = "Wockett uses your location to suggest nearby walking routes and calculate distances.";
				INFOPLIST_KEY_NSMotionUsageDescription = "Wockett uses motion data to count your steps when Apple Health is unavailable.";
				INFOPLIST_KEY_UIApplicationSceneManifest_Generation = YES;
				INFOPLIST_KEY_UIApplicationSupportsIndirectInputEvents = YES;
				INFOPLIST_KEY_UILaunchScreen_Generation = YES;
				INFOPLIST_KEY_UILaunchStoryboardName = "";
				INFOPLIST_KEY_UISupportedInterfaceOrientations_iPad = "UIInterfaceOrientationPortrait UIInterfaceOrientationPortraitUpsideDown UIInterfaceOrientationLandscapeLeft UIInterfaceOrientationLandscapeRight";
				INFOPLIST_KEY_UISupportedInterfaceOrientations_iPhone = "UIInterfaceOrientationPortrait UIInterfaceOrientationLandscapeLeft UIInterfaceOrientationLandscapeRight";
				LD_RUNPATH_SEARCH_PATHS = (
					"$(inherited)",
					"@executable_path/Frameworks",
				);
				PRODUCT_BUNDLE_IDENTIFIER = Scoops.PoCSquat;
				PRODUCT_NAME = PoCSquat;
				STRING_CATALOG_GENERATE_SYMBOLS = YES;
				SWIFT_APPROACHABLE_CONCURRENCY = YES;
				SWIFT_DEFAULT_ACTOR_ISOLATION = MainActor;
				SWIFT_EMIT_LOC_STRINGS = YES;
				SWIFT_OPTIMIZATION_LEVEL = "-Onone";
				SWIFT_UPCOMING_FEATURE_MEMBER_IMPORT_VISIBILITY = YES;
				SWIFT_VERSION = 5.0;
				TARGETED_DEVICE_FAMILY = "1,2";
				VERSIONING_SYSTEM = "apple-generic";
			};
			name = Debug;
		};
		6093BCEB3011AB1D00AD5E15 /* Release */ = {
			isa = XCBuildConfiguration;
			buildSettings = {
				ASSETCATALOG_COMPILER_APPICON_NAME = AppIcon;
				ASSETCATALOG_COMPILER_GLOBAL_ACCENT_COLOR_NAME = AccentColor;
				CLANG_ENABLE_MODULES = YES;
				CODE_SIGN_ENTITLEMENTS = PoCSquat/PoCSquat.entitlements;
				CODE_SIGN_STYLE = Automatic;
				DEVELOPMENT_ASSET_PATHS = PoCSquat/Assets.xcassets;
				DEVELOPMENT_TEAM = 7U83DJ2F97;
				ENABLE_PREVIEWS = YES;
				GENERATE_INFOPLIST_FILE = NO;
				INFOPLIST_FILE = PoCSquat/Info.plist;
				INFOPLIST_KEY_CFBundleDisplayName = Wockett;
				INFOPLIST_KEY_LSApplicationCategoryType = "public.app-category.healthcare-fitness";
				INFOPLIST_KEY_NSCameraUsageDescription = "Wockett uses the camera to detect your body position and count squat and push-up reps.";
				INFOPLIST_KEY_NSHealthShareUsageDescription = "Wockett reads your step count from Apple Health to track your daily walking goal.";
				INFOPLIST_KEY_NSHealthUpdateUsageDescription = "Wockett may write walking workout data to Apple Health when you complete a route.";
				INFOPLIST_KEY_NSLocationWhenInUseUsageDescription = "Wockett uses your location to suggest nearby walking routes and calculate distances.";
				INFOPLIST_KEY_NSMotionUsageDescription = "Wockett uses motion data to count your steps when Apple Health is unavailable.";
				INFOPLIST_KEY_UIApplicationSceneManifest_Generation = YES;
				INFOPLIST_KEY_UIApplicationSupportsIndirectInputEvents = YES;
				INFOPLIST_KEY_UILaunchScreen_Generation = YES;
				INFOPLIST_KEY_UILaunchStoryboardName = "";
				INFOPLIST_KEY_UISupportedInterfaceOrientations_iPad = "UIInterfaceOrientationPortrait UIInterfaceOrientationPortraitUpsideDown UIInterfaceOrientationLandscapeLeft UIInterfaceOrientationLandscapeRight";
				INFOPLIST_KEY_UISupportedInterfaceOrientations_iPhone = "UIInterfaceOrientationPortrait UIInterfaceOrientationLandscapeLeft UIInterfaceOrientationLandscapeRight";
				LD_RUNPATH_SEARCH_PATHS = (
					"$(inherited)",
					"@executable_path/Frameworks",
				);
				PRODUCT_BUNDLE_IDENTIFIER = Scoops.PoCSquat;
				PRODUCT_NAME = PoCSquat;
				STRING_CATALOG_GENERATE_SYMBOLS = YES;
				SWIFT_APPROACHABLE_CONCURRENCY = YES;
				SWIFT_DEFAULT_ACTOR_ISOLATION = MainActor;
				SWIFT_EMIT_LOC_STRINGS = YES;
				SWIFT_UPCOMING_FEATURE_MEMBER_IMPORT_VISIBILITY = YES;
				SWIFT_VERSION = 5.0;
				TARGETED_DEVICE_FAMILY = "1,2";
				VERSIONING_SYSTEM = "apple-generic";
			};
			name = Release;
		};
/* End XCBuildConfiguration section */

/* Begin XCConfigurationList section */
		60062A93303AA71B002D5E94 /* Build configuration list for PBXNativeTarget "WocketWidgetExtension" */ = {
			isa = XCConfigurationList;
			buildConfigurations = (
				60062A94303AA71B002D5E94 /* Debug */,
				60062A95303AA71B002D5E94 /* Release */,
			);
			defaultConfigurationIsVisible = 0;
			defaultConfigurationName = Release;
		};
		60644312303FCB7B004C8A82 /* Build configuration list for PBXNativeTarget "WockettTests" */ = {
			isa = XCConfigurationList;
			buildConfigurations = (
				60644313303FCB7B004C8A82 /* Debug */,
				60644314303FCB7B004C8A82 /* Release */,
			);
			defaultConfigurationIsVisible = 0;
			defaultConfigurationName = Release;
		};
		6093BCD93011AB1C00AD5E15 /* Build configuration list for PBXProject "PoCSquat" */ = {
			isa = XCConfigurationList;
			buildConfigurations = (
				6093BCE73011AB1D00AD5E15 /* Debug */,
				6093BCE83011AB1D00AD5E15 /* Release */,
			);
			defaultConfigurationIsVisible = 0;
			defaultConfigurationName = Release;
		};
		6093BCE93011AB1D00AD5E15 /* Build configuration list for PBXNativeTarget "PoCSquat" */ = {
			isa = XCConfigurationList;
			buildConfigurations = (
				6093BCEA3011AB1D00AD5E15 /* Debug */,
				6093BCEB3011AB1D00AD5E15 /* Release */,
			);
			defaultConfigurationIsVisible = 0;
			defaultConfigurationName = Release;
		};
/* End XCConfigurationList section */
	};
	rootObject = 6093BCD63011AB1B00AD5E15 /* Project object */;
}
